
Microsoft Visual Studio Solution File, Format Version 12.00
# Visual Studio Version 17
VisualStudioVersion = 17.14.36414.22 d17.14
MinimumVisualStudioVersion = 10.0.40219.1
Project("{FAE04EC0-301F-11D3-BF4B-00C04F79EFBC}") = "TestProgram2", "TestProgram2\TestProgram2.csproj", "{DE1D5C5E-B822-482C-9D81-969CEF6C84D0}"
EndProject
Project("{2150E333-8FDC-42A3-9474-1A3956D46DE8}") = "Solution Items", "Solution Items", "{8EC462FD-D22E-90A8-E5CE-7E832BA40C5D}"
	ProjectSection(SolutionItems) = preProject
		TextFile1.txt = TextFile1.txt
	EndProjectSection
EndProject
Global
	GlobalSection(SolutionConfigurationPlatforms) = preSolution
		Debug|Any CPU = Debug|Any CPU
		Release|Any CPU = Release|Any CPU
	EndGlobalSection
	GlobalSection(ProjectConfigurationPlatforms) = postSolution
		{DE1D5C5E-B822-482C-9D81-969CEF6C84D0}.Debug|Any CPU.ActiveCfg = Debug|Any CPU
		{DE1D5C5E-B822-482C-9D81-969CEF6C84D0}.Debug|Any CPU.Build.0 = Debug|Any CPU
		{DE1D5C5E-B822-482C-9D81-969CEF6C84D0}.Release|Any CPU.ActiveCfg = Release|Any CPU
		{DE1D5C5E-B822-482C-9D81-969CEF6C84D0}.Release|Any CPU.Build.0 = Release|Any CPU
	EndGlobalSection
	GlobalSection(SolutionProperties) = preSolution
		HideSolutionNode = FALSE
	EndGlobalSection
	GlobalSection(ExtensibilityGlobals) = postSolution
		SolutionGuid = {B94C9B66-D35F-4DB6-8044-D2B6109C6331}
	EndGlobalSection
EndGlobal
