
Microsoft Visual Studio Solution File, Format Version 12.00
# Visual Studio Version 17
VisualStudioVersion = 17.14.36414.22 d17.14
MinimumVisualStudioVersion = 10.0.40219.1
Project("{FAE04EC0-301F-11D3-BF4B-00C04F79EFBC}") = "FoodCharge", "FoodCharge\FoodCharge.csproj", "{8DC2D5DF-A969-4647-8B77-12595A71F875}"
EndProject
Global
	GlobalSection(SolutionConfigurationPlatforms) = preSolution
		Debug|Any CPU = Debug|Any CPU
		Release|Any CPU = Release|Any CPU
	EndGlobalSection
	GlobalSection(ProjectConfigurationPlatforms) = postSolution
		{8DC2D5DF-A969-4647-8B77-12595A71F875}.Debug|Any CPU.ActiveCfg = Debug|Any CPU
		{8DC2D5DF-A969-4647-8B77-12595A71F875}.Debug|Any CPU.Build.0 = Debug|Any CPU
		{8DC2D5DF-A969-4647-8B77-12595A71F875}.Release|Any CPU.ActiveCfg = Release|Any CPU
		{8DC2D5DF-A969-4647-8B77-12595A71F875}.Release|Any CPU.Build.0 = Release|Any CPU
	EndGlobalSection
	GlobalSection(SolutionProperties) = preSolution
		HideSolutionNode = FALSE
	EndGlobalSection
	GlobalSection(ExtensibilityGlobals) = postSolution
		SolutionGuid = {40AF4CA9-150B-4495-B6FC-5E8CF71A599A}
	EndGlobalSection
EndGlobal
